// !$*UTF8*$!
{
	archiveVersion = 1;
	classes = {
	};
	objectVersion = 55;
	objects = {

/* Begin PBXBuildFile section */
		91DC8A3128D2F51D00208A22 /* AppDelegate.swift in Sources */ = {isa = PBXBuildFile; fileRef = 91DC8A3028D2F51D00208A22 /* AppDelegate.swift */; };
		91DC8A3328D2F51D00208A22 /* SceneDelegate.swift in Sources */ = {isa = PBXBuildFile; fileRef = 91DC8A3228D2F51D00208A22 /* SceneDelegate.swift */; };
		91DC8A3528D2F51D00208A22 /* ViewController.swift in Sources */ = {isa = PBXBuildFile; fileRef = 91DC8A3428D2F51D00208A22 /* ViewController.swift */; };
		91DC8A3828D2F51D00208A22 /* Main.storyboard in Resources */ = {isa = PBXBuildFile; fileRef = 91DC8A3628D2F51D00208A22 /* Main.storyboard */; };
		91DC8A3A28D2F51F00208A22 /* Assets.xcassets in Resources */ = {isa = PBXBuildFile; fileRef = 91DC8A3928D2F51F00208A22 /* Assets.xcassets */; };
		91DC8A3D28D2F51F00208A22 /* LaunchScreen.storyboard in Resources */ = {isa = PBXBuildFile; fileRef = 91DC8A3B28D2F51F00208A22 /* LaunchScreen.storyboard */; };
		91DC8A4528D2FBBC00208A22 /* SecondController.swift in Sources */ = {isa = PBXBuildFile; fileRef = 91DC8A4428D2FBBC00208A22 /* SecondController.swift */; };
/* End PBXBuildFile section */

/* Begin PBXFileReference section */
		91DC8A2D28D2F51D00208A22 /* iOSAppArchitecture_Kritica.app */ = {isa = PBXFileReference; explicitFileType = wrapper.application; includeInIndex = 0; path = iOSAppArchitecture_Kritica.app; sourceTree = BUILT_PRODUCTS_DIR; };
		91DC8A3028D2F51D00208A22 /* AppDelegate.swift */ = {isa = PBXFileReference; lastKnownFileType = sourcecode.swift; path = AppDelegate.swift; sourceTree = "<group>"; };
		91DC8A3228D2F51D00208A22 /* SceneDelegate.swift */ = {isa = PBXFileReference; lastKnownFileType = sourcecode.swift; path = SceneDelegate.swift; sourceTree = "<group>"; };
		91DC8A3428D2F51D00208A22 /* ViewController.swift */ = {isa = PBXFileReference; lastKnownFileType = sourcecode.swift; path = ViewController.swift; sourceTree = "<group>"; };
		91DC8A3728D2F51D00208A22 /* Base */ = {isa = PBXFileReference; lastKnownFileType = file.storyboard; name = Base; path = Base.lproj/Main.storyboard; sourceTree = "<group>"; };
		91DC8A3928D2F51F00208A22 /* Assets.xcassets */ = {isa = PBXFileReference; lastKnownFileType = folder.assetcatalog; path = Assets.xcassets; sourceTree = "<group>"; };
		91DC8A3C28D2F51F00208A22 /* Base */ = {isa = PBXFileReference; lastKnownFileType = file.storyboard; name = Base; path = Base.lproj/LaunchScreen.storyboard; sourceTree = "<group>"; };
		91DC8A3E28D2F51F00208A22 /* Info.plist */ = {isa = PBXFileReference; lastKnownFileType = text.plist.xml; path = Info.plist; sourceTree = "<group>"; };
		91DC8A4428D2FBBC00208A22 /* SecondController.swift */ = {isa = PBXFileReference; lastKnownFileType = sourcecode.swift; path = SecondController.swift; sourceTree = "<group>"; };
/* End PBXFileReference section */

/* Begin PBXFrameworksBuildPhase section */
		91DC8A2A28D2F51D00208A22 /* Frameworks */ = {
			isa = PBXFrameworksBuildPhase;
			buildActionMask = 2147483647;
			files = (
			);
			runOnlyForDeploymentPostprocessing = 0;
		};
/* End PBXFrameworksBuildPhase section */

/* Begin PBXGroup section */
		91DC8A2428D2F51D00208A22 = {
			isa = PBXGroup;
			children = (
				91DC8A2F28D2F51D00208A22 /* iOSAppArchitecture_Kritica */,
				91DC8A2E28D2F51D00208A22 /* Products */,
			);
			sourceTree = "<group>";
		};
		91DC8A2E28D2F51D00208A22 /* Products */ = {
			isa = PBXGroup;
			children = (
				91DC8A2D28D2F51D00208A22 /* iOSAppArchitecture_Kritica.app */,
			);
			name = Products;
			sourceTree = "<group>";
		};
		91DC8A2F28D2F51D00208A22 /* iOSAppArchitecture_Kritica */ = {
			isa = PBXGroup;
			children = (
				91DC8A3028D2F51D00208A22 /* AppDelegate.swift */,
				91DC8A3228D2F51D00208A22 /* SceneDelegate.swift */,
				91DC8A3428D2F51D00208A22 /* ViewController.swift */,
				91DC8A3628D2F51D00208A22 /* Main.storyboard */,
				91DC8A3928D2F51F00208A22 /* Assets.xcassets */,
				91DC8A3B28D2F51F00208A22 /* LaunchScreen.storyboard */,
				91DC8A3E28D2F51F00208A22 /* Info.plist */,
				91DC8A4428D2FBBC00208A22 /* SecondController.swift */,
			);
			path = iOSAppArchitecture_Kritica;
			sourceTree = "<group>";
		};
/* End PBXGroup section */

/* Begin PBXNativeTarget section */
		91DC8A2C28D2F51D00208A22 /* iOSAppArchitecture_Kritica */ = {
			isa = PBXNativeTarget;
			buildConfigurationList = 91DC8A4128D2F51F00208A22 /* Build configuration list for PBXNativeTarget "iOSAppArchitecture_Kritica" */;
			buildPhases = (
				91DC8A2928D2F51D00208A22 /* Sources */,
				91DC8A2A28D2F51D00208A22 /* Frameworks */,
				91DC8A2B28D2F51D00208A22 /* Resources */,
			);
			buildRules = (
			);
			dependencies = (
			);
			name = iOSAppArchitecture_Kritica;
			productName = iOSAppArchitecture_Kritica;
			productReference = 91DC8A2D28D2F51D00208A22 /* iOSAppArchitecture_Kritica.app */;
			productType = "com.apple.product-type.application";
		};
/* End PBXNativeTarget section */

/* Begin PBXProject section */
		91DC8A2528D2F51D00208A22 /* Project object */ = {
			isa = PBXProject;
			attributes = {
				BuildIndependentTargetsInParallel = 1;
				LastSwiftUpdateCheck = 1340;
				LastUpgradeCheck = 1340;
				TargetAttributes = {
					91DC8A2C28D2F51D00208A22 = {
						CreatedOnToolsVersion = 13.4.1;
					};
				};
			};
			buildConfigurationList = 91DC8A2828D2F51D00208A22 /* Build configuration list for PBXProject "iOSAppArchitecture_Kritica" */;
			compatibilityVersion = "Xcode 13.0";
			developmentRegion = en;
			hasScannedForEncodings = 0;
			knownRegions = (
				en,
				Base,
			);
			mainGroup = 91DC8A2428D2F51D00208A22;
			productRefGroup = 91DC8A2E28D2F51D00208A22 /* Products */;
			projectDirPath = "";
			projectRoot = "";
			targets = (
				91DC8A2C28D2F51D00208A22 /* iOSAppArchitecture_Kritica */,
			);
		};
/* End PBXProject section */

/* Begin PBXResourcesBuildPhase section */
		91DC8A2B28D2F51D00208A22 /* Resources */ = {
			isa = PBXResourcesBuildPhase;
			buildActionMask = 2147483647;
			files = (
				91DC8A3D28D2F51F00208A22 /* LaunchScreen.storyboard in Resources */,
				91DC8A3A28D2F51F00208A22 /* Assets.xcassets in Resources */,
				91DC8A3828D2F51D00208A22 /* Main.storyboard in Resources */,
			);
			runOnlyForDeploymentPostprocessing = 0;
		};
/* End PBXResourcesBuildPhase section */

/* Begin PBXSourcesBuildPhase section */
		91DC8A2928D2F51D00208A22 /* Sources */ = {
			isa = PBXSourcesBuildPhase;
			buildActionMask = 2147483647;
			files = (
				91DC8A3528D2F51D00208A22 /* ViewController.swift in Sources */,
				91DC8A4528D2FBBC00208A22 /* SecondController.swift in Sources */,
				91DC8A3128D2F51D00208A22 /* AppDelegate.swift in Sources */,
				91DC8A3328D2F51D00208A22 /* SceneDelegate.swift in Sources */,
			);
			runOnlyForDeploymentPostprocessing = 0;
		};
/* End PBXSourcesBuildPhase section */

/* Begin PBXVariantGroup section */
		91DC8A3628D2F51D00208A22 /* Main.storyboard */ = {
			isa = PBXVariantGroup;
			children = (
				91DC8A3728D2F51D00208A22 /* Base */,
			);
			name = Main.storyboard;
			sourceTree = "<group>";
		};
		91DC8A3B28D2F51F00208A22 /* LaunchScreen.storyboard */ = {
			isa = PBXVariantGroup;
			children = (
				91DC8A3C28D2F51F00208A22 /* Base */,
			);
			name = LaunchScreen.storyboard;
			sourceTree = "<group>";
		};
/* End PBXVariantGroup section */

/* Begin XCBuildConfiguration section */
		91DC8A3F28D2F51F00208A22 /* Debug */ = {
			isa = XCBuildConfiguration;
			buildSettings = {
				ALWAYS_SEARCH_USER_PATHS = NO;
				CLANG_ANALYZER_NONNULL = YES;
				CLANG_ANALYZER_NUMBER_OBJECT_CONVERSION = YES_AGGRESSIVE;
				CLANG_CXX_LANGUAGE_STANDARD = "gnu++17";
				CLANG_ENABLE_MODULES = YES;
				CLANG_ENABLE_OBJC_ARC = YES;
				CLANG_ENABLE_OBJC_WEAK = YES;
				CLANG_WARN_BLOCK_CAPTURE_AUTORELEASING = YES;
				CLANG_WARN_BOOL_CONVERSION = YES;
				CLANG_WARN_COMMA = YES;
				CLANG_WARN_CONSTANT_CONVERSION = YES;
				CLANG_WARN_DEPRECATED_OBJC_IMPLEMENTATIONS = YES;
				CLANG_WARN_DIRECT_OBJC_ISA_USAGE = YES_ERROR;
				CLANG_WARN_DOCUMENTATION_COMMENTS = YES;
				CLANG_WARN_EMPTY_BODY = YES;
				CLANG_WARN_ENUM_CONVERSION = YES;
				CLANG_WARN_INFINITE_RECURSION = YES;
				CLANG_WARN_INT_CONVERSION = YES;
				CLANG_WARN_NON_LITERAL_NULL_CONVERSION = YES;
				CLANG_WARN_OBJC_IMPLICIT_RETAIN_SELF = YES;
				CLANG_WARN_OBJC_LITERAL_CONVERSION = YES;
				CLANG_WARN_OBJC_ROOT_CLASS = YES_ERROR;
				CLANG_WARN_QUOTED_INCLUDE_IN_FRAMEWORK_HEADER = YES;
				CLANG_WARN_RANGE_LOOP_ANALYSIS = YES;
				CLANG_WARN_STRICT_PROTOTYPES = YES;
				CLANG_WARN_SUSPICIOUS_MOVE = YES;
				CLANG_WARN_UNGUARDED_AVAILABILITY = YES_AGGRESSIVE;
				CLANG_WARN_UNREACHABLE_CODE = YES;
				CLANG_WARN__DUPLICATE_METHOD_MATCH = YES;
				COPY_PHASE_STRIP = NO;
				DEBUG_INFORMATION_FORMAT = dwarf;
				ENABLE_STRICT_OBJC_MSGSEND = YES;
				ENABLE_TESTABILITY = YES;
				GCC_C_LANGUAGE_STANDARD = gnu11;
				GCC_DYNAMIC_NO_PIC = NO;
				GCC_NO_COMMON_BLOCKS = YES;
				GCC_OPTIMIZATION_LEVEL = 0;
				GCC_PREPROCESSOR_DEFINITIONS = (
					"DEBUG=1",
					"$(inherited)",
				);
				GCC_WARN_64_TO_32_BIT_CONVERSION = YES;
				GCC_WARN_ABOUT_RETURN_TYPE = YES_ERROR;
				GCC_WARN_UNDECLARED_SELECTOR = YES;
				GCC_WARN_UNINITIALIZED_AUTOS = YES_AGGRESSIVE;
				GCC_WARN_UNUSED_FUNCTION = YES;
				GCC_WARN_UNUSED_VARIABLE = YES;
				IPHONEOS_DEPLOYMENT_TARGET = 15.5;
				MTL_ENABLE_DEBUG_INFO = INCLUDE_SOURCE;
				MTL_FAST_MATH = YES;
				ONLY_ACTIVE_ARCH = YES;
				SDKROOT = iphoneos;
				SWIFT_ACTIVE_COMPILATION_CONDITIONS = DEBUG;
				SWIFT_OPTIMIZATION_LEVEL = "-Onone";
			};
			name = Debug;
		};
		91DC8A4028D2F51F00208A22 /* Release */ = {
			isa = XCBuildConfiguration;
			buildSettings = {
				ALWAYS_SEARCH_USER_PATHS = NO;
				CLANG_ANALYZER_NONNULL = YES;
				CLANG_ANALYZER_NUMBER_OBJECT_CONVERSION = YES_AGGRESSIVE;
				CLANG_CXX_LANGUAGE_STANDARD = "gnu++17";
				CLANG_ENABLE_MODULES = YES;
				CLANG_ENABLE_OBJC_ARC = YES;
				CLANG_ENABLE_OBJC_WEAK = YES;
				CLANG_WARN_BLOCK_CAPTURE_AUTORELEASING = YES;
				CLANG_WARN_BOOL_CONVERSION = YES;
				CLANG_WARN_COMMA = YES;
				CLANG_WARN_CONSTANT_CONVERSION = YES;
				CLANG_WARN_DEPRECATED_OBJC_IMPLEMENTATIONS = YES;
				CLANG_WARN_DIRECT_OBJC_ISA_USAGE = YES_ERROR;
				CLANG_WARN_DOCUMENTATION_COMMENTS = YES;
				CLANG_WARN_EMPTY_BODY = YES;
				CLANG_WARN_ENUM_CONVERSION = YES;
				CLANG_WARN_INFINITE_RECURSION = YES;
				CLANG_WARN_INT_CONVERSION = YES;
				CLANG_WARN_NON_LITERAL_NULL_CONVERSION = YES;
				CLANG_WARN_OBJC_IMPLICIT_RETAIN_SELF = YES;
				CLANG_WARN_OBJC_LITERAL_CONVERSION = YES;
				CLANG_WARN_OBJC_ROOT_CLASS = YES_ERROR;
				CLANG_WARN_QUOTED_INCLUDE_IN_FRAMEWORK_HEADER = YES;
				CLANG_WARN_RANGE_LOOP_ANALYSIS = YES;
				CLANG_WARN_STRICT_PROTOTYPES = YES;
				CLANG_WARN_SUSPICIOUS_MOVE = YES;
				CLANG_WARN_UNGUARDED_AVAILABILITY = YES_AGGRESSIVE;
				CLANG_WARN_UNREACHABLE_CODE = YES;
				CLANG_WARN__DUPLICATE_METHOD_MATCH = YES;
				COPY_PHASE_STRIP = NO;
				DEBUG_INFORMATION_FORMAT = "dwarf-with-dsym";
				ENABLE_NS_ASSERTIONS = NO;
				ENABLE_STRICT_OBJC_MSGSEND = YES;
				GCC_C_LANGUAGE_STANDARD = gnu11;
				GCC_NO_COMMON_BLOCKS = YES;
				GCC_WARN_64_TO_32_BIT_CONVERSION = YES;
				GCC_WARN_ABOUT_RETURN_TYPE = YES_ERROR;
				GCC_WARN_UNDECLARED_SELECTOR = YES;
				GCC_WARN_UNINITIALIZED_AUTOS = YES_AGGRESSIVE;
				GCC_WARN_UNUSED_FUNCTION = YES;
				GCC_WARN_UNUSED_VARIABLE = YES;
				IPHONEOS_DEPLOYMENT_TARGET = 15.5;
				MTL_ENABLE_DEBUG_INFO = NO;
				MTL_FAST_MATH = YES;
				SDKROOT = iphoneos;
				SWIFT_COMPILATION_MODE = wholemodule;
				SWIFT_OPTIMIZATION_LEVEL = "-O";
				VALIDATE_PRODUCT = YES;
			};
			name = Release;
		};
		91DC8A4228D2F51F00208A22 /* Debug */ = {
			isa = XCBuildConfiguration;
			buildSettings = {
				ASSETCATALOG_COMPILER_APPICON_NAME = AppIcon;
				ASSETCATALOG_COMPILER_GLOBAL_ACCENT_COLOR_NAME = AccentColor;
				CODE_SIGN_STYLE = Automatic;
				CURRENT_PROJECT_VERSION = 1;
				DEVELOPMENT_TEAM = GCJ9CZAJR6;
				GENERATE_INFOPLIST_FILE = YES;
				INFOPLIST_FILE = iOSAppArchitecture_Kritica/Info.plist;
				INFOPLIST_KEY_UIApplicationSupportsIndirectInputEvents = YES;
				INFOPLIST_KEY_UILaunchStoryboardName = LaunchScreen;
				INFOPLIST_KEY_UIMainStoryboardFile = Main;
				INFOPLIST_KEY_UISupportedInterfaceOrientations_iPad = "UIInterfaceOrientationPortrait UIInterfaceOrientationPortraitUpsideDown UIInterfaceOrientationLandscapeLeft UIInterfaceOrientationLandscapeRight";
				INFOPLIST_KEY_UISupportedInterfaceOrientations_iPhone = "UIInterfaceOrientationPortrait UIInterfaceOrientationLandscapeLeft UIInterfaceOrientationLandscapeRight";
				LD_RUNPATH_SEARCH_PATHS = (
					"$(inherited)",
					"@executable_path/Frameworks",
				);
				MARKETING_VERSION = 1.0;
				PRODUCT_BUNDLE_IDENTIFIER = "com.krishk.iOSAppArchitecture-Kritica";
				PRODUCT_NAME = "$(TARGET_NAME)";
				SWIFT_EMIT_LOC_STRINGS = YES;
				SWIFT_VERSION = 5.0;
				TARGETED_DEVICE_FAMILY = "1,2";
			};
			name = Debug;
		};
		91DC8A4328D2F51F00208A22 /* Release */ = {
			isa = XCBuildConfiguration;
			buildSettings = {
				ASSETCATALOG_COMPILER_APPICON_NAME = AppIcon;
				ASSETCATALOG_COMPILER_GLOBAL_ACCENT_COLOR_NAME = AccentColor;
				CODE_SIGN_STYLE = Automatic;
				CURRENT_PROJECT_VERSION = 1;
				DEVELOPMENT_TEAM = GCJ9CZAJR6;
				GENERATE_INFOPLIST_FILE = YES;
				INFOPLIST_FILE = iOSAppArchitecture_Kritica/Info.plist;
				INFOPLIST_KEY_UIApplicationSupportsIndirectInputEvents = YES;
				INFOPLIST_KEY_UILaunchStoryboardName = LaunchScreen;
				INFOPLIST_KEY_UIMainStoryboardFile = Main;
				INFOPLIST_KEY_UISupportedInterfaceOrientations_iPad = "UIInterfaceOrientationPortrait UIInterfaceOrientationPortraitUpsideDown UIInterfaceOrientationLandscapeLeft UIInterfaceOrientationLandscapeRight";
				INFOPLIST_KEY_UISupportedInterfaceOrientations_iPhone = "UIInterfaceOrientationPortrait UIInterfaceOrientationLandscapeLeft UIInterfaceOrientationLandscapeRight";
				LD_RUNPATH_SEARCH_PATHS = (
					"$(inherited)",
					"@executable_path/Frameworks",
				);
				MARKETING_VERSION = 1.0;
				PRODUCT_BUNDLE_IDENTIFIER = "com.krishk.iOSAppArchitecture-Kritica";
				PRODUCT_NAME = "$(TARGET_NAME)";
				SWIFT_EMIT_LOC_STRINGS = YES;
				SWIFT_VERSION = 5.0;
				TARGETED_DEVICE_FAMILY = "1,2";
			};
			name = Release;
		};
/* End XCBuildConfiguration section */

/* Begin XCConfigurationList section */
		91DC8A2828D2F51D00208A22 /* Build configuration list for PBXProject "iOSAppArchitecture_Kritica" */ = {
			isa = XCConfigurationList;
			buildConfigurations = (
				91DC8A3F28D2F51F00208A22 /* Debug */,
				91DC8A4028D2F51F00208A22 /* Release */,
			);
			defaultConfigurationIsVisible = 0;
			defaultConfigurationName = Release;
		};
		91DC8A4128D2F51F00208A22 /* Build configuration list for PBXNativeTarget "iOSAppArchitecture_Kritica" */ = {
			isa = XCConfigurationList;
			buildConfigurations = (
				91DC8A4228D2F51F00208A22 /* Debug */,
				91DC8A4328D2F51F00208A22 /* Release */,
			);
			defaultConfigurationIsVisible = 0;
			defaultConfigurationName = Release;
		};
/* End XCConfigurationList section */
	};
	rootObject = 91DC8A2528D2F51D00208A22 /* Project object */;
}
